// !$*UTF8*$!
{
	archiveVersion = 1;
	classes = {
	};
	objectVersion = 52;
	objects = {

/* Begin PBXBuildFile section */
		A45A727D2444679C00F6DC06 /* SDWebImage in Frameworks */ = {isa = PBXBuildFile; productRef = A45A727C2444679C00F6DC06 /* SDWebImage */; };
		A48B68BA2443251800379A45 /* VerticalStackView.swift in Sources */ = {isa = PBXBuildFile; fileRef = A48B68B92443251800379A45 /* VerticalStackView.swift */; };
		A48B68BD244337E200379A45 /* SearchResult.swift in Sources */ = {isa = PBXBuildFile; fileRef = A48B68BC244337E200379A45 /* SearchResult.swift */; };
		A48B68C0244341F000379A45 /* Service.swift in Sources */ = {isa = PBXBuildFile; fileRef = A48B68BF244341F000379A45 /* Service.swift */; };
		A4DB57E92442275600960141 /* SearchResultCell.swift in Sources */ = {isa = PBXBuildFile; fileRef = A4DB57E82442275600960141 /* SearchResultCell.swift */; };
		A4DB57EC24431E8100960141 /* UIView+Layout.swift in Sources */ = {isa = PBXBuildFile; fileRef = A4DB57EB24431E8100960141 /* UIView+Layout.swift */; };
		A4E94FB72440B400000FF6B8 /* AppDelegate.swift in Sources */ = {isa = PBXBuildFile; fileRef = A4E94FB62440B400000FF6B8 /* AppDelegate.swift */; };
		A4E94FB92440B400000FF6B8 /* SceneDelegate.swift in Sources */ = {isa = PBXBuildFile; fileRef = A4E94FB82440B400000FF6B8 /* SceneDelegate.swift */; };
		A4E94FBB2440B400000FF6B8 /* ViewController.swift in Sources */ = {isa = PBXBuildFile; fileRef = A4E94FBA2440B400000FF6B8 /* ViewController.swift */; };
		A4E94FBD2440B403000FF6B8 /* Assets.xcassets in Resources */ = {isa = PBXBuildFile; fileRef = A4E94FBC2440B403000FF6B8 /* Assets.xcassets */; };
		A4E94FCB2440D2F6000FF6B8 /* BaseTabBarController.swift in Sources */ = {isa = PBXBuildFile; fileRef = A4E94FCA2440D2F6000FF6B8 /* BaseTabBarController.swift */; };
		A4E94FCE2440DAD1000FF6B8 /* AppsSearchController.swift in Sources */ = {isa = PBXBuildFile; fileRef = A4E94FCD2440DAD1000FF6B8 /* AppsSearchController.swift */; };
/* End PBXBuildFile section */

/* Begin PBXFileReference section */
		A48B68B92443251800379A45 /* VerticalStackView.swift */ = {isa = PBXFileReference; lastKnownFileType = sourcecode.swift; path = VerticalStackView.swift; sourceTree = "<group>"; };
		A48B68BC244337E200379A45 /* SearchResult.swift */ = {isa = PBXFileReference; lastKnownFileType = sourcecode.swift; path = SearchResult.swift; sourceTree = "<group>"; };
		A48B68BF244341F000379A45 /* Service.swift */ = {isa = PBXFileReference; lastKnownFileType = sourcecode.swift; path = Service.swift; sourceTree = "<group>"; };
		A4DB57E82442275600960141 /* SearchResultCell.swift */ = {isa = PBXFileReference; lastKnownFileType = sourcecode.swift; path = SearchResultCell.swift; sourceTree = "<group>"; };
		A4DB57EB24431E8100960141 /* UIView+Layout.swift */ = {isa = PBXFileReference; fileEncoding = 4; lastKnownFileType = sourcecode.swift; name = "UIView+Layout.swift"; path = "../../../../../Downloads/LBTA AppStore JSON/Section #1 - Introduction: Setting Up UI/UIView+Layout.swift"; sourceTree = "<group>"; };
		A4E94FB32440B400000FF6B8 /* AppStore.app */ = {isa = PBXFileReference; explicitFileType = wrapper.application; includeInIndex = 0; path = AppStore.app; sourceTree = BUILT_PRODUCTS_DIR; };
		A4E94FB62440B400000FF6B8 /* AppDelegate.swift */ = {isa = PBXFileReference; lastKnownFileType = sourcecode.swift; path = AppDelegate.swift; sourceTree = "<group>"; };
		A4E94FB82440B400000FF6B8 /* SceneDelegate.swift */ = {isa = PBXFileReference; lastKnownFileType = sourcecode.swift; path = SceneDelegate.swift; sourceTree = "<group>"; };
		A4E94FBA2440B400000FF6B8 /* ViewController.swift */ = {isa = PBXFileReference; lastKnownFileType = sourcecode.swift; path = ViewController.swift; sourceTree = "<group>"; };
		A4E94FBC2440B403000FF6B8 /* Assets.xcassets */ = {isa = PBXFileReference; lastKnownFileType = folder.assetcatalog; path = Assets.xcassets; sourceTree = "<group>"; };
		A4E94FC42440B403000FF6B8 /* Info.plist */ = {isa = PBXFileReference; lastKnownFileType = text.plist.xml; path = Info.plist; sourceTree = "<group>"; };
		A4E94FCA2440D2F6000FF6B8 /* BaseTabBarController.swift */ = {isa = PBXFileReference; lastKnownFileType = sourcecode.swift; path = BaseTabBarController.swift; sourceTree = "<group>"; };
		A4E94FCD2440DAD1000FF6B8 /* AppsSearchController.swift */ = {isa = PBXFileReference; lastKnownFileType = sourcecode.swift; path = AppsSearchController.swift; sourceTree = "<group>"; };
/* End PBXFileReference section */

/* Begin PBXFrameworksBuildPhase section */
		A4E94FB02440B400000FF6B8 /* Frameworks */ = {
			isa = PBXFrameworksBuildPhase;
			buildActionMask = 2147483647;
			files = (
				A45A727D2444679C00F6DC06 /* SDWebImage in Frameworks */,
			);
			runOnlyForDeploymentPostprocessing = 0;
		};
/* End PBXFrameworksBuildPhase section */

/* Begin PBXGroup section */
		A48B68BB244337D300379A45 /* Model */ = {
			isa = PBXGroup;
			children = (
				A48B68BC244337E200379A45 /* SearchResult.swift */,
			);
			path = Model;
			sourceTree = "<group>";
		};
		A48B68BE244341E300379A45 /* Service */ = {
			isa = PBXGroup;
			children = (
				A48B68BF244341F000379A45 /* Service.swift */,
			);
			path = Service;
			sourceTree = "<group>";
		};
		A4DB57E72442272400960141 /* Views */ = {
			isa = PBXGroup;
			children = (
				A4DB57E82442275600960141 /* SearchResultCell.swift */,
			);
			path = Views;
			sourceTree = "<group>";
		};
		A4DB57EA24431E5A00960141 /* Helpers */ = {
			isa = PBXGroup;
			children = (
				A4DB57EB24431E8100960141 /* UIView+Layout.swift */,
				A48B68B92443251800379A45 /* VerticalStackView.swift */,
			);
			path = Helpers;
			sourceTree = "<group>";
		};
		A4E94FAA2440B400000FF6B8 = {
			isa = PBXGroup;
			children = (
				A4E94FB52440B400000FF6B8 /* AppStore */,
				A4E94FB42440B400000FF6B8 /* Products */,
			);
			sourceTree = "<group>";
		};
		A4E94FB42440B400000FF6B8 /* Products */ = {
			isa = PBXGroup;
			children = (
				A4E94FB32440B400000FF6B8 /* AppStore.app */,
			);
			name = Products;
			sourceTree = "<group>";
		};
		A4E94FB52440B400000FF6B8 /* AppStore */ = {
			isa = PBXGroup;
			children = (
				A48B68BE244341E300379A45 /* Service */,
				A48B68BB244337D300379A45 /* Model */,
				A4DB57EA24431E5A00960141 /* Helpers */,
				A4DB57E72442272400960141 /* Views */,
				A4E94FCC2440DA57000FF6B8 /* Controller */,
				A4E94FB62440B400000FF6B8 /* AppDelegate.swift */,
				A4E94FB82440B400000FF6B8 /* SceneDelegate.swift */,
				A4E94FBA2440B400000FF6B8 /* ViewController.swift */,
				A4E94FBC2440B403000FF6B8 /* Assets.xcassets */,
				A4E94FC42440B403000FF6B8 /* Info.plist */,
			);
			path = AppStore;
			sourceTree = "<group>";
		};
		A4E94FCC2440DA57000FF6B8 /* Controller */ = {
			isa = PBXGroup;
			children = (
				A4E94FCA2440D2F6000FF6B8 /* BaseTabBarController.swift */,
				A4E94FCD2440DAD1000FF6B8 /* AppsSearchController.swift */,
			);
			path = Controller;
			sourceTree = "<group>";
		};
/* End PBXGroup section */

/* Begin PBXNativeTarget section */
		A4E94FB22440B400000FF6B8 /* AppStore */ = {
			isa = PBXNativeTarget;
			buildConfigurationList = A4E94FC72440B403000FF6B8 /* Build configuration list for PBXNativeTarget "AppStore" */;
			buildPhases = (
				A4E94FAF2440B400000FF6B8 /* Sources */,
				A4E94FB02440B400000FF6B8 /* Frameworks */,
				A4E94FB12440B400000FF6B8 /* Resources */,
			);
			buildRules = (
			);
			dependencies = (
			);
			name = AppStore;
			packageProductDependencies = (
				A45A727C2444679C00F6DC06 /* SDWebImage */,
			);
			productName = AppStore;
			productReference = A4E94FB32440B400000FF6B8 /* AppStore.app */;
			productType = "com.apple.product-type.application";
		};
/* End PBXNativeTarget section */

/* Begin PBXProject section */
		A4E94FAB2440B400000FF6B8 /* Project object */ = {
			isa = PBXProject;
			attributes = {
				LastSwiftUpdateCheck = 1140;
				LastUpgradeCheck = 1140;
				ORGANIZATIONNAME = "Pavel Tokarevskiy";
				TargetAttributes = {
					A4E94FB22440B400000FF6B8 = {
						CreatedOnToolsVersion = 11.4;
					};
				};
			};
			buildConfigurationList = A4E94FAE2440B400000FF6B8 /* Build configuration list for PBXProject "AppStore" */;
			compatibilityVersion = "Xcode 9.3";
			developmentRegion = en;
			hasScannedForEncodings = 0;
			knownRegions = (
				en,
				Base,
			);
			mainGroup = A4E94FAA2440B400000FF6B8;
			packageReferences = (
				A45A727B2444679C00F6DC06 /* XCRemoteSwiftPackageReference "SDWebImage" */,
			);
			productRefGroup = A4E94FB42440B400000FF6B8 /* Products */;
			projectDirPath = "";
			projectRoot = "";
			targets = (
				A4E94FB22440B400000FF6B8 /* AppStore */,
			);
		};
/* End PBXProject section */

/* Begin PBXResourcesBuildPhase section */
		A4E94FB12440B400000FF6B8 /* Resources */ = {
			isa = PBXResourcesBuildPhase;
			buildActionMask = 2147483647;
			files = (
				A4E94FBD2440B403000FF6B8 /* Assets.xcassets in Resources */,
			);
			runOnlyForDeploymentPostprocessing = 0;
		};
/* End PBXResourcesBuildPhase section */

/* Begin PBXSourcesBuildPhase section */
		A4E94FAF2440B400000FF6B8 /* Sources */ = {
			isa = PBXSourcesBuildPhase;
			buildActionMask = 2147483647;
			files = (
				A4E94FCB2440D2F6000FF6B8 /* BaseTabBarController.swift in Sources */,
				A48B68BD244337E200379A45 /* SearchResult.swift in Sources */,
				A4E94FB72440B400000FF6B8 /* AppDelegate.swift in Sources */,
				A4DB57EC24431E8100960141 /* UIView+Layout.swift in Sources */,
				A4E94FB92440B400000FF6B8 /* SceneDelegate.swift in Sources */,
				A4E94FCE2440DAD1000FF6B8 /* AppsSearchController.swift in Sources */,
				A48B68BA2443251800379A45 /* VerticalStackView.swift in Sources */,
				A48B68C0244341F000379A45 /* Service.swift in Sources */,
				A4DB57E92442275600960141 /* SearchResultCell.swift in Sources */,
				A4E94FBB2440B400000FF6B8 /* ViewController.swift in Sources */,
			);
			runOnlyForDeploymentPostprocessing = 0;
		};
/* End PBXSourcesBuildPhase section */

/* Begin XCBuildConfiguration section */
		A4E94FC52440B403000FF6B8 /* Debug */ = {
			isa = XCBuildConfiguration;
			buildSettings = {
				ALWAYS_SEARCH_USER_PATHS = NO;
				CLANG_ANALYZER_NONNULL = YES;
				CLANG_ANALYZER_NUMBER_OBJECT_CONVERSION = YES_AGGRESSIVE;
				CLANG_CXX_LANGUAGE_STANDARD = "gnu++14";
				CLANG_CXX_LIBRARY = "libc++";
				CLANG_ENABLE_MODULES = YES;
				CLANG_ENABLE_OBJC_ARC = YES;
				CLANG_ENABLE_OBJC_WEAK = YES;
				CLANG_WARN_BLOCK_CAPTURE_AUTORELEASING = YES;
				CLANG_WARN_BOOL_CONVERSION = YES;
				CLANG_WARN_COMMA = YES;
				CLANG_WARN_CONSTANT_CONVERSION = YES;
				CLANG_WARN_DEPRECATED_OBJC_IMPLEMENTATIONS = YES;
				CLANG_WARN_DIRECT_OBJC_ISA_USAGE = YES_ERROR;
				CLANG_WARN_DOCUMENTATION_COMMENTS = YES;
				CLANG_WARN_EMPTY_BODY = YES;
				CLANG_WARN_ENUM_CONVERSION = YES;
				CLANG_WARN_INFINITE_RECURSION = YES;
				CLANG_WARN_INT_CONVERSION = YES;
				CLANG_WARN_NON_LITERAL_NULL_CONVERSION = YES;
				CLANG_WARN_OBJC_IMPLICIT_RETAIN_SELF = YES;
				CLANG_WARN_OBJC_LITERAL_CONVERSION = YES;
				CLANG_WARN_OBJC_ROOT_CLASS = YES_ERROR;
				CLANG_WARN_RANGE_LOOP_ANALYSIS = YES;
				CLANG_WARN_STRICT_PROTOTYPES = YES;
				CLANG_WARN_SUSPICIOUS_MOVE = YES;
				CLANG_WARN_UNGUARDED_AVAILABILITY = YES_AGGRESSIVE;
				CLANG_WARN_UNREACHABLE_CODE = YES;
				CLANG_WARN__DUPLICATE_METHOD_MATCH = YES;
				COPY_PHASE_STRIP = NO;
				DEBUG_INFORMATION_FORMAT = dwarf;
				ENABLE_STRICT_OBJC_MSGSEND = YES;
				ENABLE_TESTABILITY = YES;
				GCC_C_LANGUAGE_STANDARD = gnu11;
				GCC_DYNAMIC_NO_PIC = NO;
				GCC_NO_COMMON_BLOCKS = YES;
				GCC_OPTIMIZATION_LEVEL = 0;
				GCC_PREPROCESSOR_DEFINITIONS = (
					"DEBUG=1",
					"$(inherited)",
				);
				GCC_WARN_64_TO_32_BIT_CONVERSION = YES;
				GCC_WARN_ABOUT_RETURN_TYPE = YES_ERROR;
				GCC_WARN_UNDECLARED_SELECTOR = YES;
				GCC_WARN_UNINITIALIZED_AUTOS = YES_AGGRESSIVE;
				GCC_WARN_UNUSED_FUNCTION = YES;
				GCC_WARN_UNUSED_VARIABLE = YES;
				IPHONEOS_DEPLOYMENT_TARGET = 13.4;
				MTL_ENABLE_DEBUG_INFO = INCLUDE_SOURCE;
				MTL_FAST_MATH = YES;
				ONLY_ACTIVE_ARCH = YES;
				SDKROOT = iphoneos;
				SWIFT_ACTIVE_COMPILATION_CONDITIONS = DEBUG;
				SWIFT_OPTIMIZATION_LEVEL = "-Onone";
			};
			name = Debug;
		};
		A4E94FC62440B403000FF6B8 /* Release */ = {
			isa = XCBuildConfiguration;
			buildSettings = {
				ALWAYS_SEARCH_USER_PATHS = NO;
				CLANG_ANALYZER_NONNULL = YES;
				CLANG_ANALYZER_NUMBER_OBJECT_CONVERSION = YES_AGGRESSIVE;
				CLANG_CXX_LANGUAGE_STANDARD = "gnu++14";
				CLANG_CXX_LIBRARY = "libc++";
				CLANG_ENABLE_MODULES = YES;
				CLANG_ENABLE_OBJC_ARC = YES;
				CLANG_ENABLE_OBJC_WEAK = YES;
				CLANG_WARN_BLOCK_CAPTURE_AUTORELEASING = YES;
				CLANG_WARN_BOOL_CONVERSION = YES;
				CLANG_WARN_COMMA = YES;
				CLANG_WARN_CONSTANT_CONVERSION = YES;
				CLANG_WARN_DEPRECATED_OBJC_IMPLEMENTATIONS = YES;
				CLANG_WARN_DIRECT_OBJC_ISA_USAGE = YES_ERROR;
				CLANG_WARN_DOCUMENTATION_COMMENTS = YES;
				CLANG_WARN_EMPTY_BODY = YES;
				CLANG_WARN_ENUM_CONVERSION = YES;
				CLANG_WARN_INFINITE_RECURSION = YES;
				CLANG_WARN_INT_CONVERSION = YES;
				CLANG_WARN_NON_LITERAL_NULL_CONVERSION = YES;
				CLANG_WARN_OBJC_IMPLICIT_RETAIN_SELF = YES;
				CLANG_WARN_OBJC_LITERAL_CONVERSION = YES;
				CLANG_WARN_OBJC_ROOT_CLASS = YES_ERROR;
				CLANG_WARN_RANGE_LOOP_ANALYSIS = YES;
				CLANG_WARN_STRICT_PROTOTYPES = YES;
				CLANG_WARN_SUSPICIOUS_MOVE = YES;
				CLANG_WARN_UNGUARDED_AVAILABILITY = YES_AGGRESSIVE;
				CLANG_WARN_UNREACHABLE_CODE = YES;
				CLANG_WARN__DUPLICATE_METHOD_MATCH = YES;
				COPY_PHASE_STRIP = NO;
				DEBUG_INFORMATION_FORMAT = "dwarf-with-dsym";
				ENABLE_NS_ASSERTIONS = NO;
				ENABLE_STRICT_OBJC_MSGSEND = YES;
				GCC_C_LANGUAGE_STANDARD = gnu11;
				GCC_NO_COMMON_BLOCKS = YES;
				GCC_WARN_64_TO_32_BIT_CONVERSION = YES;
				GCC_WARN_ABOUT_RETURN_TYPE = YES_ERROR;
				GCC_WARN_UNDECLARED_SELECTOR = YES;
				GCC_WARN_UNINITIALIZED_AUTOS = YES_AGGRESSIVE;
				GCC_WARN_UNUSED_FUNCTION = YES;
				GCC_WARN_UNUSED_VARIABLE = YES;
				IPHONEOS_DEPLOYMENT_TARGET = 13.4;
				MTL_ENABLE_DEBUG_INFO = NO;
				MTL_FAST_MATH = YES;
				SDKROOT = iphoneos;
				SWIFT_COMPILATION_MODE = wholemodule;
				SWIFT_OPTIMIZATION_LEVEL = "-O";
				VALIDATE_PRODUCT = YES;
			};
			name = Release;
		};
		A4E94FC82440B403000FF6B8 /* Debug */ = {
			isa = XCBuildConfiguration;
			buildSettings = {
				ASSETCATALOG_COMPILER_APPICON_NAME = AppIcon;
				CODE_SIGN_STYLE = Automatic;
				ENABLE_PREVIEWS = YES;
				INFOPLIST_FILE = AppStore/Info.plist;
				LD_RUNPATH_SEARCH_PATHS = (
					"$(inherited)",
					"@executable_path/Frameworks",
				);
				PRODUCT_BUNDLE_IDENTIFIER = ptokarevskiy.AppStore;
				PRODUCT_NAME = "$(TARGET_NAME)";
				SWIFT_VERSION = 5.0;
				TARGETED_DEVICE_FAMILY = "1,2";
			};
			name = Debug;
		};
		A4E94FC92440B403000FF6B8 /* Release */ = {
			isa = XCBuildConfiguration;
			buildSettings = {
				ASSETCATALOG_COMPILER_APPICON_NAME = AppIcon;
				CODE_SIGN_STYLE = Automatic;
				ENABLE_PREVIEWS = YES;
				INFOPLIST_FILE = AppStore/Info.plist;
				LD_RUNPATH_SEARCH_PATHS = (
					"$(inherited)",
					"@executable_path/Frameworks",
				);
				PRODUCT_BUNDLE_IDENTIFIER = ptokarevskiy.AppStore;
				PRODUCT_NAME = "$(TARGET_NAME)";
				SWIFT_VERSION = 5.0;
				TARGETED_DEVICE_FAMILY = "1,2";
			};
			name = Release;
		};
/* End XCBuildConfiguration section */

/* Begin XCConfigurationList section */
		A4E94FAE2440B400000FF6B8 /* Build configuration list for PBXProject "AppStore" */ = {
			isa = XCConfigurationList;
			buildConfigurations = (
				A4E94FC52440B403000FF6B8 /* Debug */,
				A4E94FC62440B403000FF6B8 /* Release */,
			);
			defaultConfigurationIsVisible = 0;
			defaultConfigurationName = Release;
		};
		A4E94FC72440B403000FF6B8 /* Build configuration list for PBXNativeTarget "AppStore" */ = {
			isa = XCConfigurationList;
			buildConfigurations = (
				A4E94FC82440B403000FF6B8 /* Debug */,
				A4E94FC92440B403000FF6B8 /* Release */,
			);
			defaultConfigurationIsVisible = 0;
			defaultConfigurationName = Release;
		};
/* End XCConfigurationList section */

/* Begin XCRemoteSwiftPackageReference section */
		A45A727B2444679C00F6DC06 /* XCRemoteSwiftPackageReference "SDWebImage" */ = {
			isa = XCRemoteSwiftPackageReference;
			repositoryURL = "https://github.com/SDWebImage/SDWebImage";
			requirement = {
				kind = upToNextMajorVersion;
				minimumVersion = 5.7.2;
			};
		};
/* End XCRemoteSwiftPackageReference section */

/* Begin XCSwiftPackageProductDependency section */
		A45A727C2444679C00F6DC06 /* SDWebImage */ = {
			isa = XCSwiftPackageProductDependency;
			package = A45A727B2444679C00F6DC06 /* XCRemoteSwiftPackageReference "SDWebImage" */;
			productName = SDWebImage;
		};
/* End XCSwiftPackageProductDependency section */
	};
	rootObject = A4E94FAB2440B400000FF6B8 /* Project object */;
}
